{
  "lockfileVersion": 1,
  "sources": {
    "kanade0404/skills": {
      "requestedRef": "v0.6.0",
      "resolvedRef": "5a5f16b75ac207fdb4ff3ae9e8a5adb214c73d52",
      "resolvedAt": "2026-07-06T12:12:38.199Z",
      "skills": {
        "adr-writer": {
          "integrity": "sha256-556e39bdc959977c08251a5b4cc5633a31d8fc1fe1569a42a5eeb59e6e99a0d3"
        },
        "ci-self-heal": {
          "integrity": "sha256-619ef15cbb8cbeef2ab1a29686588d4d810d8e0a4624c74d7b5ac04ff71ed573"
        },
        "code-review": {
          "integrity": "sha256-f85f858b16da2d63103f4ebeb8a869041270c449a0f62f553844174e50c0cf03"
        },
        "commit": {
          "integrity": "sha256-61b66f8656de2b90fed4435876445bb82a3f13edd05649f3c8d8ecf38e407742"
        },
        "design": {
          "integrity": "sha256-a1613953ece5e919c1b3f7f7e11a179b54422fa7b9ac9cf663a5a3e98b4bd72f"
        },
        "design-review": {
          "integrity": "sha256-a96fb09f3e0e85a9974c8466bfd3fe7dd7b14c9d976891e070437f8a9a3e258b"
        },
        "effect-ts": {
          "integrity": "sha256-acf2388f07aca1ee0e43fbe96685b941de1db6c33d37a7c515e6f1f805274095"
        },
        "empirical-prompt-tuning": {
          "integrity": "sha256-c3bc43ff815415da4f1abe8325bd31d3332397378c74b2451e1c4bdcd2d8c6a9"
        },
        "feature-loop": {
          "integrity": "sha256-c6556ce82b9f74cd509ec4edbc0a190c32b2b9ed9194d2fda46e6f09acd1ba6d"
        },
        "grill-with-docs": {
          "integrity": "sha256-d2f4b9abc9c7bd94ab37a5c6aee00daf1afd91d90ee842ab48712c84bcf7e163"
        },
        "handoff": {
          "integrity": "sha256-f4596ab3b1e4b53010b9adba0605aecf9b288916ed47346adcad81def2d233b4"
        },
        "harness-distribution": {
          "integrity": "sha256-ab88e7ea5f38cf09a879e3cc806e10252852ac12e00b459e88c28b1a379c56fc"
        },
        "issue-driven-development": {
          "integrity": "sha256-482c868e3f0d61acd993f06606fe06445c03ae9ad4d3b7d01e99c1363d6af09b"
        },
        "linear-issue-driven-development": {
          "integrity": "sha256-b3c842fe5dafad853fd057617773bd8d1df44d95b7f56fda9c31b8a21c46d93b"
        },
        "pr-conflict-resolver": {
          "integrity": "sha256-5e813484c840040d7eb5545a7bfc7a3c57898badbf94d505fbb85f43832c58ea"
        },
        "pr-monitor": {
          "integrity": "sha256-e2c3e8d0eba2948c7fd7751936678612a01bdac01172c8b1aa828d3fc706d3de"
        },
        "pr-review-respond": {
          "integrity": "sha256-e0066317b50f2b7cac17fc88535e2e280b1b0dffd335d4b0348e64b620924de1"
        },
        "product-discovery": {
          "integrity": "sha256-dec3905e318b9f813dbb96c989f1470d7df235529318b1b30325ee40b0408582"
        },
        "research-practices": {
          "integrity": "sha256-7cad700048d8b03dedb7e5a3f9cda9a2269ea891b86313a2aec9daa06a73d176"
        },
        "retro": {
          "integrity": "sha256-83ff5b692a8a4e08c50ce1d75d17f497aaf352efd35a5d00c55129e341a6d5b8"
        },
        "session-retro": {
          "integrity": "sha256-1986bae567b926601c8577cf7e2e587d6660a3d916bc0af9a0892c972129d29e"
        },
        "setup-matt-pocock-skills": {
          "integrity": "sha256-2d56a205d404504f7a28dfcc82849dfae79016b9ea2998e324b0f1544b500212"
        },
        "shipping": {
          "integrity": "sha256-6944bb10e31935b9c3d8dceb1cf4e5c72765e7eb0674cbb8d5d2261175b1892c"
        },
        "skill-builder": {
          "integrity": "sha256-d742173e52478e60c054fb3285f37a86a4d3eaa435f137bece50b8fb12f2649c"
        },
        "software-design": {
          "integrity": "sha256-bb20e6797f72e724db3c4092832a85efff0058870ef96121b73064338cf318fb"
        },
        "tdd": {
          "integrity": "sha256-18b9eca5bf495dee5f86a37d57ee5edf4a12bc49ad9694c00ee12d76de6455cb"
        },
        "test-design": {
          "integrity": "sha256-079eda5dbf722f6b5ec6375d9f5d526f7261a0c21a480ab34b02d1f804041a79"
        },
        "test-mutation-gate": {
          "integrity": "sha256-a3568e0acb8118120c06cb7ce11e5edf06ff5bf952315f64fdcad55dd9e50597"
        },
        "test-review": {
          "integrity": "sha256-428faf447c9a87044ba0b7b1313c3eb23c6411c3cff4a9212a3d5bb9cc9fd369"
        },
        "tidy-first": {
          "integrity": "sha256-16354826b618f6cd4a81df0b99d6646932e8d03dc35fa42f1bd7cb8c6888a029"
        },
        "to-issues": {
          "integrity": "sha256-ca299411f7c64b2bfd7524084cbb286c4386b81d655efedb636d9fca60e46c38"
        },
        "to-prd": {
          "integrity": "sha256-ce05d57d5bc5b697e43c1cc608587880043579a9e38a9b48d6e2de73da135fa0"
        },
        "verify-done": {
          "integrity": "sha256-62ba83aec87352075b3fd7a5e8bb10378a4962b48edd5778768af9c398493af8"
        }
      }
    },
    "planetscale/database-skills": {
      "requestedRef": "main",
      "resolvedRef": "8942f83c3a6c9557868169b965bba5536cde5e91",
      "resolvedAt": "2026-07-06T12:12:39.599Z",
      "skills": {
        "mysql": {
          "integrity": "sha256-1f408c1fecb77a0e33576de9189bda48cd67e7c0784208c10105280d8b872302"
        },
        "neki": {
          "integrity": "sha256-153bc7359ff0473dc54221806da47c968b988af850e002f3012446dc56fc9854"
        },
        "postgres": {
          "integrity": "sha256-78782765f1ae00b777d815082a3ad5ec9d1d1cc3ffffa2b143e8a51b994c7a09"
        },
        "vitess": {
          "integrity": "sha256-428e8c9eed94888a195139f5ceb817be353e90d40671e41c0a4f7567a420f75e"
        }
      }
    }
  }
}
