{
  "lockfileVersion": 1,
  "sources": {
    "kanade0404/skills": {
      "requestedRef": "master",
      "resolvedRef": "26ef6556f594c6fb26cb57cc218c45b0b0ffa4f5",
      "resolvedAt": "2026-07-04T23:55:25.347Z",
      "skills": {
        "adr-writer": {
          "integrity": "sha256-556e39bdc959977c08251a5b4cc5633a31d8fc1fe1569a42a5eeb59e6e99a0d3"
        },
        "ci-self-heal": {
          "integrity": "sha256-619ef15cbb8cbeef2ab1a29686588d4d810d8e0a4624c74d7b5ac04ff71ed573"
        },
        "code-review": {
          "integrity": "sha256-f85f858b16da2d63103f4ebeb8a869041270c449a0f62f553844174e50c0cf03"
        },
        "design": {
          "integrity": "sha256-a1613953ece5e919c1b3f7f7e11a179b54422fa7b9ac9cf663a5a3e98b4bd72f"
        },
        "design-review": {
          "integrity": "sha256-a96fb09f3e0e85a9974c8466bfd3fe7dd7b14c9d976891e070437f8a9a3e258b"
        },
        "empirical-prompt-tuning": {
          "integrity": "sha256-c3bc43ff815415da4f1abe8325bd31d3332397378c74b2451e1c4bdcd2d8c6a9"
        },
        "grill-with-docs": {
          "integrity": "sha256-d2f4b9abc9c7bd94ab37a5c6aee00daf1afd91d90ee842ab48712c84bcf7e163"
        },
        "pr-review-respond": {
          "integrity": "sha256-8a898b18579120d4153e9bf937c15f6f00b7065bb63e095d5daa4b1c0a900282"
        },
        "product-discovery": {
          "integrity": "sha256-dec3905e318b9f813dbb96c989f1470d7df235529318b1b30325ee40b0408582"
        },
        "research-practices": {
          "integrity": "sha256-7cad700048d8b03dedb7e5a3f9cda9a2269ea891b86313a2aec9daa06a73d176"
        },
        "shipping": {
          "integrity": "sha256-6944bb10e31935b9c3d8dceb1cf4e5c72765e7eb0674cbb8d5d2261175b1892c"
        },
        "skill-builder": {
          "integrity": "sha256-36665532d5bd9fbe68d10059b0d792bbee83a17a99c439c5fe9c26045bc26e98"
        },
        "software-design": {
          "integrity": "sha256-bb20e6797f72e724db3c4092832a85efff0058870ef96121b73064338cf318fb"
        },
        "tdd": {
          "integrity": "sha256-af78705bc6cbdaacb16ae5cfcd991ec3a2be97621ba29d620321bb43e4a7d3de"
        },
        "test-review": {
          "integrity": "sha256-cff490ab76f83b4b12c7ebb1f0a4fd338b3ae03c86035a9bc22cadd47dbfb6c5"
        },
        "tidy-first": {
          "integrity": "sha256-16354826b618f6cd4a81df0b99d6646932e8d03dc35fa42f1bd7cb8c6888a029"
        },
        "verify-done": {
          "integrity": "sha256-0c6e9eb4c5515f7ff756ab2c5e31ba28034a361383b4bfda685e12f766956873"
        }
      }
    },
    "planetscale/database-skills": {
      "requestedRef": "main",
      "resolvedRef": "8942f83c3a6c9557868169b965bba5536cde5e91",
      "resolvedAt": "2026-07-04T23:55:26.482Z",
      "skills": {
        "mysql": {
          "integrity": "sha256-1f408c1fecb77a0e33576de9189bda48cd67e7c0784208c10105280d8b872302"
        },
        "postgres": {
          "integrity": "sha256-78782765f1ae00b777d815082a3ad5ec9d1d1cc3ffffa2b143e8a51b994c7a09"
        }
      }
    }
  }
}
