{
  "lockfileVersion": 1,
  "sources": {
    "planetscale/database-skills": {
      "requestedRef": "main",
      "resolvedRef": "73b20b7eb64716d8c7100c054f0677c0c6e77e30",
      "resolvedAt": "2026-09-23T10:45:02.944Z",
      "skills": {
        "mysql": {
          "integrity": "sha256-1f408c1fecb77a0e33576de9189bda48cd67e7c0784208c10105280d8b872302"
        },
        "neki": {
          "integrity": "sha256-adabbd9d74e30417eeeb74a90e2464c2c2bb59609361b3e5e72994e57f6a13fd"
        },
        "postgres": {
          "integrity": "sha256-03bd06382504a13fa361a5206342572d20aaae56a3525d14c5adf8d63904a5aa"
        },
        "vitess": {
          "integrity": "sha256-428e8c9eed94888a195139f5ceb817be353e90d40671e41c0a4f7567a420f75e"
        }
      },
      "skillSelection": [
        "*"
      ]
    }
  }
}
