{
  "lockfileVersion": 1,
  "sources": {
    "kanade0404/skills": {
      "requestedRef": "master",
      "resolvedRef": "26ef6556f594c6fb26cb57cc218c45b0b0ffa4f5",
      "resolvedAt": "2026-07-04T23:55:29.355Z",
      "skills": {
        "linear-issue-driven-development": {
          "integrity": "sha256-b3c842fe5dafad853fd057617773bd8d1df44d95b7f56fda9c31b8a21c46d93b"
        },
        "pr-conflict-resolver": {
          "integrity": "sha256-5e813484c840040d7eb5545a7bfc7a3c57898badbf94d505fbb85f43832c58ea"
        }
      }
    },
    "planetscale/database-skills": {
      "requestedRef": "main",
      "resolvedRef": "8942f83c3a6c9557868169b965bba5536cde5e91",
      "resolvedAt": "2026-07-04T23:55:30.560Z",
      "skills": {
        "mysql": {
          "integrity": "sha256-1f408c1fecb77a0e33576de9189bda48cd67e7c0784208c10105280d8b872302"
        },
        "postgres": {
          "integrity": "sha256-78782765f1ae00b777d815082a3ad5ec9d1d1cc3ffffa2b143e8a51b994c7a09"
        }
      }
    }
  }
}
